
Microsoft Visual Studio Solution File, Format Version 12.00
# Visual Studio 15
VisualStudioVersion = 15.0.28010.0
MinimumVisualStudioVersion = 10.0.40219.1
Project("{FAE04EC0-301F-11D3-BF4B-00C04F79EFBC}") = "NoiseModels", "NoiseModels\NoiseModels.csproj", "{CF13FB4A-FFF8-4965-BA76-CA1B43C9B838}"
EndProject
Global
	GlobalSection(SolutionConfigurationPlatforms) = preSolution
		Debug|Any CPU = Debug|Any CPU
		Release|Any CPU = Release|Any CPU
	EndGlobalSection
	GlobalSection(ProjectConfigurationPlatforms) = postSolution
		{CF13FB4A-FFF8-4965-BA76-CA1B43C9B838}.Debug|Any CPU.ActiveCfg = Debug|Any CPU
		{CF13FB4A-FFF8-4965-BA76-CA1B43C9B838}.Debug|Any CPU.Build.0 = Debug|Any CPU
		{CF13FB4A-FFF8-4965-BA76-CA1B43C9B838}.Release|Any CPU.ActiveCfg = Release|Any CPU
		{CF13FB4A-FFF8-4965-BA76-CA1B43C9B838}.Release|Any CPU.Build.0 = Release|Any CPU
	EndGlobalSection
	GlobalSection(SolutionProperties) = preSolution
		HideSolutionNode = FALSE
	EndGlobalSection
	GlobalSection(ExtensibilityGlobals) = postSolution
		SolutionGuid = {028D09B2-C087-42A4-819D-543E6FE52804}
	EndGlobalSection
EndGlobal
